
Microsoft Visual Studio Solution File, Format Version 12.00
# Visual Studio Version 16
VisualStudioVersion = 16.0.30907.101
MinimumVisualStudioVersion = 10.0.40219.1
Project("{FAE04EC0-301F-11D3-BF4B-00C04F79EFBC}") = "Physics", "Physics\Physics.csproj", "{C5833112-68A8-4E07-9DE0-CE1B3E4CEC3B}"
EndProject
Global
	GlobalSection(SolutionConfigurationPlatforms) = preSolution
		Debug|Any CPU = Debug|Any CPU
		Release|Any CPU = Release|Any CPU
	EndGlobalSection
	GlobalSection(ProjectConfigurationPlatforms) = postSolution
		{C5833112-68A8-4E07-9DE0-CE1B3E4CEC3B}.Debug|Any CPU.ActiveCfg = Debug|Any CPU
		{C5833112-68A8-4E07-9DE0-CE1B3E4CEC3B}.Debug|Any CPU.Build.0 = Debug|Any CPU
		{C5833112-68A8-4E07-9DE0-CE1B3E4CEC3B}.Release|Any CPU.ActiveCfg = Release|Any CPU
		{C5833112-68A8-4E07-9DE0-CE1B3E4CEC3B}.Release|Any CPU.Build.0 = Release|Any CPU
	EndGlobalSection
	GlobalSection(SolutionProperties) = preSolution
		HideSolutionNode = FALSE
	EndGlobalSection
	GlobalSection(ExtensibilityGlobals) = postSolution
		SolutionGuid = {163A2D9E-A479-426C-ACF0-FB49B14E12C2}
	EndGlobalSection
EndGlobal
